
Microsoft Visual Studio Solution File, Format Version 12.00
# Visual Studio Version 16
VisualStudioVersion = 16.0.31105.61
MinimumVisualStudioVersion = 10.0.40219.1
Project("{FAE04EC0-301F-11D3-BF4B-00C04F79EFBC}") = "HelloWorldApp", "HelloWorldApp\HelloWorldApp.csproj", "{C9CDD9EE-0AB5-4F50-A13A-F504783C6BCB}"
EndProject
Global
	GlobalSection(SolutionConfigurationPlatforms) = preSolution
		Debug|Any CPU = Debug|Any CPU
		Release|Any CPU = Release|Any CPU
	EndGlobalSection
	GlobalSection(ProjectConfigurationPlatforms) = postSolution
		{C9CDD9EE-0AB5-4F50-A13A-F504783C6BCB}.Debug|Any CPU.ActiveCfg = Debug|Any CPU
		{C9CDD9EE-0AB5-4F50-A13A-F504783C6BCB}.Debug|Any CPU.Build.0 = Debug|Any CPU
		{C9CDD9EE-0AB5-4F50-A13A-F504783C6BCB}.Release|Any CPU.ActiveCfg = Release|Any CPU
		{C9CDD9EE-0AB5-4F50-A13A-F504783C6BCB}.Release|Any CPU.Build.0 = Release|Any CPU
	EndGlobalSection
	GlobalSection(SolutionProperties) = preSolution
		HideSolutionNode = FALSE
	EndGlobalSection
	GlobalSection(ExtensibilityGlobals) = postSolution
		SolutionGuid = {E730DDFB-C001-435A-BB48-21EB97F24CE1}
	EndGlobalSection
EndGlobal
